// !$*UTF8*$!
{
	archiveVersion = 1;
	classes = {
	};
	objectVersion = 50;
	objects = {

/* Begin PBXBuildFile section */
		2985C36B25F037B6005A3AC8 /* AppetizersApp.swift in Sources */ = {isa = PBXBuildFile; fileRef = 2985C36A25F037B6005A3AC8 /* AppetizersApp.swift */; };
		2985C36D25F037B6005A3AC8 /* AppetizerTabView.swift in Sources */ = {isa = PBXBuildFile; fileRef = 2985C36C25F037B6005A3AC8 /* AppetizerTabView.swift */; };
		2985C36F25F037B7005A3AC8 /* Assets.xcassets in Resources */ = {isa = PBXBuildFile; fileRef = 2985C36E25F037B7005A3AC8 /* Assets.xcassets */; };
		2985C37225F037B7005A3AC8 /* Preview Assets.xcassets in Resources */ = {isa = PBXBuildFile; fileRef = 2985C37125F037B7005A3AC8 /* Preview Assets.xcassets */; };
		2985C37C25F0384E005A3AC8 /* AppetizerListView.swift in Sources */ = {isa = PBXBuildFile; fileRef = 2985C37B25F0384E005A3AC8 /* AppetizerListView.swift */; };
		2985C37F25F03856005A3AC8 /* AccountView.swift in Sources */ = {isa = PBXBuildFile; fileRef = 2985C37E25F03856005A3AC8 /* AccountView.swift */; };
		2985C38225F0385E005A3AC8 /* OrderView.swift in Sources */ = {isa = PBXBuildFile; fileRef = 2985C38125F0385E005A3AC8 /* OrderView.swift */; };
		2985C38525F03EA4005A3AC8 /* Appetizer.swift in Sources */ = {isa = PBXBuildFile; fileRef = 2985C38425F03EA4005A3AC8 /* Appetizer.swift */; };
		2985C38825F04415005A3AC8 /* AppetizerListCell.swift in Sources */ = {isa = PBXBuildFile; fileRef = 2985C38725F04415005A3AC8 /* AppetizerListCell.swift */; };
		2985C38B25F045C3005A3AC8 /* NetworkManager.swift in Sources */ = {isa = PBXBuildFile; fileRef = 2985C38A25F045C3005A3AC8 /* NetworkManager.swift */; };
		2985C38E25F046A2005A3AC8 /* APError.swift in Sources */ = {isa = PBXBuildFile; fileRef = 2985C38D25F046A2005A3AC8 /* APError.swift */; };
		2985C39125F04E86005A3AC8 /* AppetizerListViewModel.swift in Sources */ = {isa = PBXBuildFile; fileRef = 2985C39025F04E86005A3AC8 /* AppetizerListViewModel.swift */; };
		2985C39425F0533C005A3AC8 /* Alert.swift in Sources */ = {isa = PBXBuildFile; fileRef = 2985C39325F0533C005A3AC8 /* Alert.swift */; };
		2985C39825F05A89005A3AC8 /* LoadingView.swift in Sources */ = {isa = PBXBuildFile; fileRef = 2985C39725F05A89005A3AC8 /* LoadingView.swift */; };
		2985C39B25F05B28005A3AC8 /* Color+Ext.swift in Sources */ = {isa = PBXBuildFile; fileRef = 2985C39A25F05B28005A3AC8 /* Color+Ext.swift */; };
		FFB11C6525FA93AB002E3C93 /* AppetizerDetailView.swift in Sources */ = {isa = PBXBuildFile; fileRef = FFB11C6425FA93AB002E3C93 /* AppetizerDetailView.swift */; };
		FFB11C7725FFAF79002E3C93 /* APButton.swift in Sources */ = {isa = PBXBuildFile; fileRef = FFB11C7625FFAF79002E3C93 /* APButton.swift */; };
		FFB11C7B25FFB008002E3C93 /* XDismissButton.swift in Sources */ = {isa = PBXBuildFile; fileRef = FFB11C7A25FFB008002E3C93 /* XDismissButton.swift */; };
		FFB11C8326010F30002E3C93 /* AccountViewModel.swift in Sources */ = {isa = PBXBuildFile; fileRef = FFB11C8226010F30002E3C93 /* AccountViewModel.swift */; };
		FFB11C8726011097002E3C93 /* String+Ext.swift in Sources */ = {isa = PBXBuildFile; fileRef = FFB11C8626011097002E3C93 /* String+Ext.swift */; };
		FFB11C8A2602564F002E3C93 /* User.swift in Sources */ = {isa = PBXBuildFile; fileRef = FFB11C892602564F002E3C93 /* User.swift */; };
		FFD6C70225F2B3A700737309 /* RemoteImage.swift in Sources */ = {isa = PBXBuildFile; fileRef = FFD6C70125F2B3A700737309 /* RemoteImage.swift */; };
/* End PBXBuildFile section */

/* Begin PBXFileReference section */
		2985C36725F037B6005A3AC8 /* Appetizers.app */ = {isa = PBXFileReference; explicitFileType = wrapper.application; includeInIndex = 0; path = Appetizers.app; sourceTree = BUILT_PRODUCTS_DIR; };
		2985C36A25F037B6005A3AC8 /* AppetizersApp.swift */ = {isa = PBXFileReference; lastKnownFileType = sourcecode.swift; path = AppetizersApp.swift; sourceTree = "<group>"; };
		2985C36C25F037B6005A3AC8 /* AppetizerTabView.swift */ = {isa = PBXFileReference; lastKnownFileType = sourcecode.swift; path = AppetizerTabView.swift; sourceTree = "<group>"; };
		2985C36E25F037B7005A3AC8 /* Assets.xcassets */ = {isa = PBXFileReference; lastKnownFileType = folder.assetcatalog; path = Assets.xcassets; sourceTree = "<group>"; };
		2985C37125F037B7005A3AC8 /* Preview Assets.xcassets */ = {isa = PBXFileReference; lastKnownFileType = folder.assetcatalog; path = "Preview Assets.xcassets"; sourceTree = "<group>"; };
		2985C37325F037B7005A3AC8 /* Info.plist */ = {isa = PBXFileReference; lastKnownFileType = text.plist.xml; path = Info.plist; sourceTree = "<group>"; };
		2985C37B25F0384E005A3AC8 /* AppetizerListView.swift */ = {isa = PBXFileReference; lastKnownFileType = sourcecode.swift; path = AppetizerListView.swift; sourceTree = "<group>"; };
		2985C37E25F03856005A3AC8 /* AccountView.swift */ = {isa = PBXFileReference; lastKnownFileType = sourcecode.swift; path = AccountView.swift; sourceTree = "<group>"; };
		2985C38125F0385E005A3AC8 /* OrderView.swift */ = {isa = PBXFileReference; lastKnownFileType = sourcecode.swift; path = OrderView.swift; sourceTree = "<group>"; };
		2985C38425F03EA4005A3AC8 /* Appetizer.swift */ = {isa = PBXFileReference; lastKnownFileType = sourcecode.swift; path = Appetizer.swift; sourceTree = "<group>"; };
		2985C38725F04415005A3AC8 /* AppetizerListCell.swift */ = {isa = PBXFileReference; lastKnownFileType = sourcecode.swift; path = AppetizerListCell.swift; sourceTree = "<group>"; };
		2985C38A25F045C3005A3AC8 /* NetworkManager.swift */ = {isa = PBXFileReference; lastKnownFileType = sourcecode.swift; path = NetworkManager.swift; sourceTree = "<group>"; };
		2985C38D25F046A2005A3AC8 /* APError.swift */ = {isa = PBXFileReference; lastKnownFileType = sourcecode.swift; path = APError.swift; sourceTree = "<group>"; };
		2985C39025F04E86005A3AC8 /* AppetizerListViewModel.swift */ = {isa = PBXFileReference; lastKnownFileType = sourcecode.swift; path = AppetizerListViewModel.swift; sourceTree = "<group>"; };
		2985C39325F0533C005A3AC8 /* Alert.swift */ = {isa = PBXFileReference; lastKnownFileType = sourcecode.swift; path = Alert.swift; sourceTree = "<group>"; };
		2985C39725F05A89005A3AC8 /* LoadingView.swift */ = {isa = PBXFileReference; lastKnownFileType = sourcecode.swift; path = LoadingView.swift; sourceTree = "<group>"; };
		2985C39A25F05B28005A3AC8 /* Color+Ext.swift */ = {isa = PBXFileReference; lastKnownFileType = sourcecode.swift; path = "Color+Ext.swift"; sourceTree = "<group>"; };
		FFB11C6425FA93AB002E3C93 /* AppetizerDetailView.swift */ = {isa = PBXFileReference; lastKnownFileType = sourcecode.swift; path = AppetizerDetailView.swift; sourceTree = "<group>"; };
		FFB11C7625FFAF79002E3C93 /* APButton.swift */ = {isa = PBXFileReference; lastKnownFileType = sourcecode.swift; path = APButton.swift; sourceTree = "<group>"; };
		FFB11C7A25FFB008002E3C93 /* XDismissButton.swift */ = {isa = PBXFileReference; lastKnownFileType = sourcecode.swift; path = XDismissButton.swift; sourceTree = "<group>"; };
		FFB11C8226010F30002E3C93 /* AccountViewModel.swift */ = {isa = PBXFileReference; lastKnownFileType = sourcecode.swift; path = AccountViewModel.swift; sourceTree = "<group>"; };
		FFB11C8626011097002E3C93 /* String+Ext.swift */ = {isa = PBXFileReference; fileEncoding = 4; lastKnownFileType = sourcecode.swift; path = "String+Ext.swift"; sourceTree = "<group>"; };
		FFB11C892602564F002E3C93 /* User.swift */ = {isa = PBXFileReference; lastKnownFileType = sourcecode.swift; path = User.swift; sourceTree = "<group>"; };
		FFD6C70125F2B3A700737309 /* RemoteImage.swift */ = {isa = PBXFileReference; lastKnownFileType = sourcecode.swift; path = RemoteImage.swift; sourceTree = "<group>"; };
/* End PBXFileReference section */

/* Begin PBXFrameworksBuildPhase section */
		2985C36425F037B6005A3AC8 /* Frameworks */ = {
			isa = PBXFrameworksBuildPhase;
			buildActionMask = 2147483647;
			files = (
			);
			runOnlyForDeploymentPostprocessing = 0;
		};
/* End PBXFrameworksBuildPhase section */

/* Begin PBXGroup section */
		2985C35E25F037B6005A3AC8 = {
			isa = PBXGroup;
			children = (
				2985C36925F037B6005A3AC8 /* Appetizers */,
				2985C36825F037B6005A3AC8 /* Products */,
			);
			sourceTree = "<group>";
		};
		2985C36825F037B6005A3AC8 /* Products */ = {
			isa = PBXGroup;
			children = (
				2985C36725F037B6005A3AC8 /* Appetizers.app */,
			);
			name = Products;
			sourceTree = "<group>";
		};
		2985C36925F037B6005A3AC8 /* Appetizers */ = {
			isa = PBXGroup;
			children = (
				FFB11C5E25FA9278002E3C93 /* Model */,
				FFB11C5A25FA923C002E3C93 /* Utilities */,
				FFB11C5F25FA929E002E3C93 /* Views */,
				FFB11C5625FA91E7002E3C93 /* Screens */,
				2985C36A25F037B6005A3AC8 /* AppetizersApp.swift */,
				2985C36E25F037B7005A3AC8 /* Assets.xcassets */,
				2985C37325F037B7005A3AC8 /* Info.plist */,
				2985C37025F037B7005A3AC8 /* Preview Content */,
			);
			path = Appetizers;
			sourceTree = "<group>";
		};
		2985C37025F037B7005A3AC8 /* Preview Content */ = {
			isa = PBXGroup;
			children = (
				2985C37125F037B7005A3AC8 /* Preview Assets.xcassets */,
			);
			path = "Preview Content";
			sourceTree = "<group>";
		};
		FFB11C5625FA91E7002E3C93 /* Screens */ = {
			isa = PBXGroup;
			children = (
				2985C36C25F037B6005A3AC8 /* AppetizerTabView.swift */,
				FFB11C5725FA91F8002E3C93 /* AppetizerListView */,
				FFB11C5825FA9202002E3C93 /* AccountView */,
				FFB11C5925FA9207002E3C93 /* OrderView */,
			);
			path = Screens;
			sourceTree = "<group>";
		};
		FFB11C5725FA91F8002E3C93 /* AppetizerListView */ = {
			isa = PBXGroup;
			children = (
				2985C39025F04E86005A3AC8 /* AppetizerListViewModel.swift */,
				2985C37B25F0384E005A3AC8 /* AppetizerListView.swift */,
				FFB11C6425FA93AB002E3C93 /* AppetizerDetailView.swift */,
			);
			path = AppetizerListView;
			sourceTree = "<group>";
		};
		FFB11C5825FA9202002E3C93 /* AccountView */ = {
			isa = PBXGroup;
			children = (
				FFB11C8226010F30002E3C93 /* AccountViewModel.swift */,
				2985C37E25F03856005A3AC8 /* AccountView.swift */,
			);
			path = AccountView;
			sourceTree = "<group>";
		};
		FFB11C5925FA9207002E3C93 /* OrderView */ = {
			isa = PBXGroup;
			children = (
				2985C38125F0385E005A3AC8 /* OrderView.swift */,
			);
			path = OrderView;
			sourceTree = "<group>";
		};
		FFB11C5A25FA923C002E3C93 /* Utilities */ = {
			isa = PBXGroup;
			children = (
				FFB11C5D25FA925B002E3C93 /* Alerts */,
				FFB11C5C25FA924A002E3C93 /* Extensions */,
				FFB11C5B25FA9242002E3C93 /* Managers */,
			);
			path = Utilities;
			sourceTree = "<group>";
		};
		FFB11C5B25FA9242002E3C93 /* Managers */ = {
			isa = PBXGroup;
			children = (
				2985C38A25F045C3005A3AC8 /* NetworkManager.swift */,
			);
			path = Managers;
			sourceTree = "<group>";
		};
		FFB11C5C25FA924A002E3C93 /* Extensions */ = {
			isa = PBXGroup;
			children = (
				2985C39A25F05B28005A3AC8 /* Color+Ext.swift */,
				FFB11C8626011097002E3C93 /* String+Ext.swift */,
			);
			path = Extensions;
			sourceTree = "<group>";
		};
		FFB11C5D25FA925B002E3C93 /* Alerts */ = {
			isa = PBXGroup;
			children = (
				2985C38D25F046A2005A3AC8 /* APError.swift */,
				2985C39325F0533C005A3AC8 /* Alert.swift */,
			);
			path = Alerts;
			sourceTree = "<group>";
		};
		FFB11C5E25FA9278002E3C93 /* Model */ = {
			isa = PBXGroup;
			children = (
				2985C38425F03EA4005A3AC8 /* Appetizer.swift */,
				FFB11C892602564F002E3C93 /* User.swift */,
			);
			path = Model;
			sourceTree = "<group>";
		};
		FFB11C5F25FA929E002E3C93 /* Views */ = {
			isa = PBXGroup;
			children = (
				FFB11C7525FFAF6F002E3C93 /* Buttons */,
				FFB11C6225FA92B1002E3C93 /* Image */,
				FFB11C6125FA92AB002E3C93 /* Cells */,
				FFB11C6025FA92A4002E3C93 /* UIKit Components */,
			);
			path = Views;
			sourceTree = "<group>";
		};
		FFB11C6025FA92A4002E3C93 /* UIKit Components */ = {
			isa = PBXGroup;
			children = (
				2985C39725F05A89005A3AC8 /* LoadingView.swift */,
			);
			path = "UIKit Components";
			sourceTree = "<group>";
		};
		FFB11C6125FA92AB002E3C93 /* Cells */ = {
			isa = PBXGroup;
			children = (
				2985C38725F04415005A3AC8 /* AppetizerListCell.swift */,
			);
			path = Cells;
			sourceTree = "<group>";
		};
		FFB11C6225FA92B1002E3C93 /* Image */ = {
			isa = PBXGroup;
			children = (
				FFD6C70125F2B3A700737309 /* RemoteImage.swift */,
			);
			path = Image;
			sourceTree = "<group>";
		};
		FFB11C7525FFAF6F002E3C93 /* Buttons */ = {
			isa = PBXGroup;
			children = (
				FFB11C7625FFAF79002E3C93 /* APButton.swift */,
				FFB11C7A25FFB008002E3C93 /* XDismissButton.swift */,
			);
			path = Buttons;
			sourceTree = "<group>";
		};
/* End PBXGroup section */

/* Begin PBXNativeTarget section */
		2985C36625F037B6005A3AC8 /* Appetizers */ = {
			isa = PBXNativeTarget;
			buildConfigurationList = 2985C37625F037B7005A3AC8 /* Build configuration list for PBXNativeTarget "Appetizers" */;
			buildPhases = (
				2985C36325F037B6005A3AC8 /* Sources */,
				2985C36425F037B6005A3AC8 /* Frameworks */,
				2985C36525F037B6005A3AC8 /* Resources */,
			);
			buildRules = (
			);
			dependencies = (
			);
			name = Appetizers;
			productName = Appetizers;
			productReference = 2985C36725F037B6005A3AC8 /* Appetizers.app */;
			productType = "com.apple.product-type.application";
		};
/* End PBXNativeTarget section */

/* Begin PBXProject section */
		2985C35F25F037B6005A3AC8 /* Project object */ = {
			isa = PBXProject;
			attributes = {
				LastSwiftUpdateCheck = 1240;
				LastUpgradeCheck = 1240;
				TargetAttributes = {
					2985C36625F037B6005A3AC8 = {
						CreatedOnToolsVersion = 12.4;
					};
				};
			};
			buildConfigurationList = 2985C36225F037B6005A3AC8 /* Build configuration list for PBXProject "Appetizers" */;
			compatibilityVersion = "Xcode 9.3";
			developmentRegion = en;
			hasScannedForEncodings = 0;
			knownRegions = (
				en,
				Base,
			);
			mainGroup = 2985C35E25F037B6005A3AC8;
			productRefGroup = 2985C36825F037B6005A3AC8 /* Products */;
			projectDirPath = "";
			projectRoot = "";
			targets = (
				2985C36625F037B6005A3AC8 /* Appetizers */,
			);
		};
/* End PBXProject section */

/* Begin PBXResourcesBuildPhase section */
		2985C36525F037B6005A3AC8 /* Resources */ = {
			isa = PBXResourcesBuildPhase;
			buildActionMask = 2147483647;
			files = (
				2985C37225F037B7005A3AC8 /* Preview Assets.xcassets in Resources */,
				2985C36F25F037B7005A3AC8 /* Assets.xcassets in Resources */,
			);
			runOnlyForDeploymentPostprocessing = 0;
		};
/* End PBXResourcesBuildPhase section */

/* Begin PBXSourcesBuildPhase section */
		2985C36325F037B6005A3AC8 /* Sources */ = {
			isa = PBXSourcesBuildPhase;
			buildActionMask = 2147483647;
			files = (
				2985C38525F03EA4005A3AC8 /* Appetizer.swift in Sources */,
				2985C38E25F046A2005A3AC8 /* APError.swift in Sources */,
				FFB11C7B25FFB008002E3C93 /* XDismissButton.swift in Sources */,
				2985C38825F04415005A3AC8 /* AppetizerListCell.swift in Sources */,
				FFB11C8326010F30002E3C93 /* AccountViewModel.swift in Sources */,
				2985C39125F04E86005A3AC8 /* AppetizerListViewModel.swift in Sources */,
				2985C39B25F05B28005A3AC8 /* Color+Ext.swift in Sources */,
				2985C37F25F03856005A3AC8 /* AccountView.swift in Sources */,
				FFB11C8A2602564F002E3C93 /* User.swift in Sources */,
				FFB11C7725FFAF79002E3C93 /* APButton.swift in Sources */,
				2985C39825F05A89005A3AC8 /* LoadingView.swift in Sources */,
				2985C36D25F037B6005A3AC8 /* AppetizerTabView.swift in Sources */,
				2985C38B25F045C3005A3AC8 /* NetworkManager.swift in Sources */,
				FFD6C70225F2B3A700737309 /* RemoteImage.swift in Sources */,
				FFB11C8726011097002E3C93 /* String+Ext.swift in Sources */,
				FFB11C6525FA93AB002E3C93 /* AppetizerDetailView.swift in Sources */,
				2985C36B25F037B6005A3AC8 /* AppetizersApp.swift in Sources */,
				2985C39425F0533C005A3AC8 /* Alert.swift in Sources */,
				2985C37C25F0384E005A3AC8 /* AppetizerListView.swift in Sources */,
				2985C38225F0385E005A3AC8 /* OrderView.swift in Sources */,
			);
			runOnlyForDeploymentPostprocessing = 0;
		};
/* End PBXSourcesBuildPhase section */

/* Begin XCBuildConfiguration section */
		2985C37425F037B7005A3AC8 /* Debug */ = {
			isa = XCBuildConfiguration;
			buildSettings = {
				ALWAYS_SEARCH_USER_PATHS = NO;
				CLANG_ANALYZER_NONNULL = YES;
				CLANG_ANALYZER_NUMBER_OBJECT_CONVERSION = YES_AGGRESSIVE;
				CLANG_CXX_LANGUAGE_STANDARD = "gnu++14";
				CLANG_CXX_LIBRARY = "libc++";
				CLANG_ENABLE_MODULES = YES;
				CLANG_ENABLE_OBJC_ARC = YES;
				CLANG_ENABLE_OBJC_WEAK = YES;
				CLANG_WARN_BLOCK_CAPTURE_AUTORELEASING = YES;
				CLANG_WARN_BOOL_CONVERSION = YES;
				CLANG_WARN_COMMA = YES;
				CLANG_WARN_CONSTANT_CONVERSION = YES;
				CLANG_WARN_DEPRECATED_OBJC_IMPLEMENTATIONS = YES;
				CLANG_WARN_DIRECT_OBJC_ISA_USAGE = YES_ERROR;
				CLANG_WARN_DOCUMENTATION_COMMENTS = YES;
				CLANG_WARN_EMPTY_BODY = YES;
				CLANG_WARN_ENUM_CONVERSION = YES;
				CLANG_WARN_INFINITE_RECURSION = YES;
				CLANG_WARN_INT_CONVERSION = YES;
				CLANG_WARN_NON_LITERAL_NULL_CONVERSION = YES;
				CLANG_WARN_OBJC_IMPLICIT_RETAIN_SELF = YES;
				CLANG_WARN_OBJC_LITERAL_CONVERSION = YES;
				CLANG_WARN_OBJC_ROOT_CLASS = YES_ERROR;
				CLANG_WARN_QUOTED_INCLUDE_IN_FRAMEWORK_HEADER = YES;
				CLANG_WARN_RANGE_LOOP_ANALYSIS = YES;
				CLANG_WARN_STRICT_PROTOTYPES = YES;
				CLANG_WARN_SUSPICIOUS_MOVE = YES;
				CLANG_WARN_UNGUARDED_AVAILABILITY = YES_AGGRESSIVE;
				CLANG_WARN_UNREACHABLE_CODE = YES;
				CLANG_WARN__DUPLICATE_METHOD_MATCH = YES;
				COPY_PHASE_STRIP = NO;
				DEBUG_INFORMATION_FORMAT = dwarf;
				ENABLE_STRICT_OBJC_MSGSEND = YES;
				ENABLE_TESTABILITY = YES;
				GCC_C_LANGUAGE_STANDARD = gnu11;
				GCC_DYNAMIC_NO_PIC = NO;
				GCC_NO_COMMON_BLOCKS = YES;
				GCC_OPTIMIZATION_LEVEL = 0;
				GCC_PREPROCESSOR_DEFINITIONS = (
					"DEBUG=1",
					"$(inherited)",
				);
				GCC_WARN_64_TO_32_BIT_CONVERSION = YES;
				GCC_WARN_ABOUT_RETURN_TYPE = YES_ERROR;
				GCC_WARN_UNDECLARED_SELECTOR = YES;
				GCC_WARN_UNINITIALIZED_AUTOS = YES_AGGRESSIVE;
				GCC_WARN_UNUSED_FUNCTION = YES;
				GCC_WARN_UNUSED_VARIABLE = YES;
				IPHONEOS_DEPLOYMENT_TARGET = 14.4;
				MTL_ENABLE_DEBUG_INFO = INCLUDE_SOURCE;
				MTL_FAST_MATH = YES;
				ONLY_ACTIVE_ARCH = YES;
				SDKROOT = iphoneos;
				SWIFT_ACTIVE_COMPILATION_CONDITIONS = DEBUG;
				SWIFT_OPTIMIZATION_LEVEL = "-Onone";
			};
			name = Debug;
		};
		2985C37525F037B7005A3AC8 /* Release */ = {
			isa = XCBuildConfiguration;
			buildSettings = {
				ALWAYS_SEARCH_USER_PATHS = NO;
				CLANG_ANALYZER_NONNULL = YES;
				CLANG_ANALYZER_NUMBER_OBJECT_CONVERSION = YES_AGGRESSIVE;
				CLANG_CXX_LANGUAGE_STANDARD = "gnu++14";
				CLANG_CXX_LIBRARY = "libc++";
				CLANG_ENABLE_MODULES = YES;
				CLANG_ENABLE_OBJC_ARC = YES;
				CLANG_ENABLE_OBJC_WEAK = YES;
				CLANG_WARN_BLOCK_CAPTURE_AUTORELEASING = YES;
				CLANG_WARN_BOOL_CONVERSION = YES;
				CLANG_WARN_COMMA = YES;
				CLANG_WARN_CONSTANT_CONVERSION = YES;
				CLANG_WARN_DEPRECATED_OBJC_IMPLEMENTATIONS = YES;
				CLANG_WARN_DIRECT_OBJC_ISA_USAGE = YES_ERROR;
				CLANG_WARN_DOCUMENTATION_COMMENTS = YES;
				CLANG_WARN_EMPTY_BODY = YES;
				CLANG_WARN_ENUM_CONVERSION = YES;
				CLANG_WARN_INFINITE_RECURSION = YES;
				CLANG_WARN_INT_CONVERSION = YES;
				CLANG_WARN_NON_LITERAL_NULL_CONVERSION = YES;
				CLANG_WARN_OBJC_IMPLICIT_RETAIN_SELF = YES;
				CLANG_WARN_OBJC_LITERAL_CONVERSION = YES;
				CLANG_WARN_OBJC_ROOT_CLASS = YES_ERROR;
				CLANG_WARN_QUOTED_INCLUDE_IN_FRAMEWORK_HEADER = YES;
				CLANG_WARN_RANGE_LOOP_ANALYSIS = YES;
				CLANG_WARN_STRICT_PROTOTYPES = YES;
				CLANG_WARN_SUSPICIOUS_MOVE = YES;
				CLANG_WARN_UNGUARDED_AVAILABILITY = YES_AGGRESSIVE;
				CLANG_WARN_UNREACHABLE_CODE = YES;
				CLANG_WARN__DUPLICATE_METHOD_MATCH = YES;
				COPY_PHASE_STRIP = NO;
				DEBUG_INFORMATION_FORMAT = "dwarf-with-dsym";
				ENABLE_NS_ASSERTIONS = NO;
				ENABLE_STRICT_OBJC_MSGSEND = YES;
				GCC_C_LANGUAGE_STANDARD = gnu11;
				GCC_NO_COMMON_BLOCKS = YES;
				GCC_WARN_64_TO_32_BIT_CONVERSION = YES;
				GCC_WARN_ABOUT_RETURN_TYPE = YES_ERROR;
				GCC_WARN_UNDECLARED_SELECTOR = YES;
				GCC_WARN_UNINITIALIZED_AUTOS = YES_AGGRESSIVE;
				GCC_WARN_UNUSED_FUNCTION = YES;
				GCC_WARN_UNUSED_VARIABLE = YES;
				IPHONEOS_DEPLOYMENT_TARGET = 14.4;
				MTL_ENABLE_DEBUG_INFO = NO;
				MTL_FAST_MATH = YES;
				SDKROOT = iphoneos;
				SWIFT_COMPILATION_MODE = wholemodule;
				SWIFT_OPTIMIZATION_LEVEL = "-O";
				VALIDATE_PRODUCT = YES;
			};
			name = Release;
		};
		2985C37725F037B7005A3AC8 /* Debug */ = {
			isa = XCBuildConfiguration;
			buildSettings = {
				ASSETCATALOG_COMPILER_APPICON_NAME = AppIcon;
				ASSETCATALOG_COMPILER_GLOBAL_ACCENT_COLOR_NAME = AccentColor;
				CODE_SIGN_STYLE = Automatic;
				DEVELOPMENT_ASSET_PATHS = "\"Appetizers/Preview Content\"";
				DEVELOPMENT_TEAM = SE96QQ4Q6G;
				ENABLE_PREVIEWS = YES;
				INFOPLIST_FILE = Appetizers/Info.plist;
				IPHONEOS_DEPLOYMENT_TARGET = 14.0;
				LD_RUNPATH_SEARCH_PATHS = (
					"$(inherited)",
					"@executable_path/Frameworks",
				);
				PRODUCT_BUNDLE_IDENTIFIER = com.JohnKouris.Appetizers;
				PRODUCT_NAME = "$(TARGET_NAME)";
				SWIFT_VERSION = 5.0;
				TARGETED_DEVICE_FAMILY = "1,2";
			};
			name = Debug;
		};
		2985C37825F037B7005A3AC8 /* Release */ = {
			isa = XCBuildConfiguration;
			buildSettings = {
				ASSETCATALOG_COMPILER_APPICON_NAME = AppIcon;
				ASSETCATALOG_COMPILER_GLOBAL_ACCENT_COLOR_NAME = AccentColor;
				CODE_SIGN_STYLE = Automatic;
				DEVELOPMENT_ASSET_PATHS = "\"Appetizers/Preview Content\"";
				DEVELOPMENT_TEAM = SE96QQ4Q6G;
				ENABLE_PREVIEWS = YES;
				INFOPLIST_FILE = Appetizers/Info.plist;
				IPHONEOS_DEPLOYMENT_TARGET = 14.0;
				LD_RUNPATH_SEARCH_PATHS = (
					"$(inherited)",
					"@executable_path/Frameworks",
				);
				PRODUCT_BUNDLE_IDENTIFIER = com.JohnKouris.Appetizers;
				PRODUCT_NAME = "$(TARGET_NAME)";
				SWIFT_VERSION = 5.0;
				TARGETED_DEVICE_FAMILY = "1,2";
			};
			name = Release;
		};
/* End XCBuildConfiguration section */

/* Begin XCConfigurationList section */
		2985C36225F037B6005A3AC8 /* Build configuration list for PBXProject "Appetizers" */ = {
			isa = XCConfigurationList;
			buildConfigurations = (
				2985C37425F037B7005A3AC8 /* Debug */,
				2985C37525F037B7005A3AC8 /* Release */,
			);
			defaultConfigurationIsVisible = 0;
			defaultConfigurationName = Release;
		};
		2985C37625F037B7005A3AC8 /* Build configuration list for PBXNativeTarget "Appetizers" */ = {
			isa = XCConfigurationList;
			buildConfigurations = (
				2985C37725F037B7005A3AC8 /* Debug */,
				2985C37825F037B7005A3AC8 /* Release */,
			);
			defaultConfigurationIsVisible = 0;
			defaultConfigurationName = Release;
		};
/* End XCConfigurationList section */
	};
	rootObject = 2985C35F25F037B6005A3AC8 /* Project object */;
}
